{
  "nodes": {
    "aerospace": {
      "flake": false,
      "locked": {
        "lastModified": 1756592205,
        "narHash": "sha256-AB7c96r/7JgkBubPrlEFz9yaIPdsD7S8JkLVnGtlhAw=",
        "owner": "nikitabobko",
        "repo": "homebrew-tap",
        "rev": "2eff00794112cf73fdefeec27cd9b30abe644408",
        "type": "github"
      },
      "original": {
        "owner": "nikitabobko",
        "repo": "homebrew-tap",
        "type": "github"
      }
    },
    "blink-indent": {
      "flake": false,
      "locked": {
        "lastModified": 1762011700,
        "narHash": "sha256-fluke5V5sODKHTg/4kD2S1kY0mWVCK/t6SFupjzYP9k=",
        "owner": "saghen",
        "repo": "blink.indent",
        "rev": "3761352bc87221f77cc27cc7fd05c1c78d9d43ef",
        "type": "github"
      },
      "original": {
        "owner": "saghen",
        "repo": "blink.indent",
        "type": "github"
      }
    },
    "brew-src": {
      "flake": false,
      "locked": {
        "lastModified": 1761551821,
        "narHash": "sha256-N3Zj73TAxclhLGgADbPVwcVrhYIBKUgAxjfQuOXre6s=",
        "owner": "Homebrew",
        "repo": "brew",
        "rev": "8f6719274133c5bcc24c058c5a6bcbb3b0cd48b3",
        "type": "github"
      },
      "original": {
        "owner": "Homebrew",
        "ref": "4.6.19",
        "repo": "brew",
        "type": "github"
      }
    },
    "fcitx": {
      "flake": false,
      "locked": {
        "lastModified": 1740963190,
        "narHash": "sha256-HEcve9ks9lT29Y5Y9ENoYWj0kGnt3PNhe4IOATZWIuo=",
        "owner": "fcitx-contrib",
        "repo": "homebrew-tap",
        "rev": "783e2fa220ce91658fc857a124b8714bbd812cab",
        "type": "github"
      },
      "original": {
        "owner": "fcitx-contrib",
        "repo": "homebrew-tap",
        "type": "github"
      }
    },
    "flake-parts": {
      "inputs": {
        "nixpkgs-lib": [
          "neovim-nightly-overlay",
          "nixpkgs"
        ]
      },
      "locked": {
        "lastModified": 1762040540,
        "narHash": "sha256-z5PlZ47j50VNF3R+IMS9LmzI5fYRGY/Z5O5tol1c9I4=",
        "owner": "hercules-ci",
        "repo": "flake-parts",
        "rev": "0010412d62a25d959151790968765a70c436598b",
        "type": "github"
      },
      "original": {
        "owner": "hercules-ci",
        "repo": "flake-parts",
        "type": "github"
      }
    },
    "flake-parts_2": {
      "inputs": {
        "nixpkgs-lib": [
          "nixvim",
          "nixpkgs"
        ]
      },
      "locked": {
        "lastModified": 1760948891,
        "narHash": "sha256-TmWcdiUUaWk8J4lpjzu4gCGxWY6/Ok7mOK4fIFfBuU4=",
        "owner": "hercules-ci",
        "repo": "flake-parts",
        "rev": "864599284fc7c0ba6357ed89ed5e2cd5040f0c04",
        "type": "github"
      },
      "original": {
        "owner": "hercules-ci",
        "repo": "flake-parts",
        "type": "github"
      }
    },
    "flake-utils": {
      "inputs": {
        "systems": "systems"
      },
      "locked": {
        "lastModified": 1731533236,
        "narHash": "sha256-l0KFg5HjrsfsO/JpG+r7fRrqm12kzFHyUHqHCVpMMbI=",
        "owner": "numtide",
        "repo": "flake-utils",
        "rev": "11707dc2f618dd54ca8739b309ec4fc024de578b",
        "type": "github"
      },
      "original": {
        "owner": "numtide",
        "repo": "flake-utils",
        "type": "github"
      }
    },
    "home-manager": {
      "inputs": {
        "nixpkgs": [
          "nixpkgs"
        ]
      },
      "locked": {
        "lastModified": 1762296971,
        "narHash": "sha256-Jyv3L5rrUYpecON+9zyFz2VqgTSTsIG35fXuCyuCQv0=",
        "owner": "nix-community",
        "repo": "home-manager",
        "rev": "34fe48801d2a5301b814eaa1efb496499d06cebc",
        "type": "github"
      },
      "original": {
        "owner": "nix-community",
        "repo": "home-manager",
        "type": "github"
      }
    },
    "ixx": {
      "inputs": {
        "flake-utils": [
          "nixvim",
          "nuschtosSearch",
          "flake-utils"
        ],
        "nixpkgs": [
          "nixvim",
          "nuschtosSearch",
          "nixpkgs"
        ]
      },
      "locked": {
        "lastModified": 1754860581,
        "narHash": "sha256-EM0IE63OHxXCOpDHXaTyHIOk2cNvMCGPqLt/IdtVxgk=",
        "owner": "NuschtOS",
        "repo": "ixx",
        "rev": "babfe85a876162c4acc9ab6fb4483df88fa1f281",
        "type": "github"
      },
      "original": {
        "owner": "NuschtOS",
        "ref": "v0.1.1",
        "repo": "ixx",
        "type": "github"
      }
    },
    "lihaoyun6": {
      "flake": false,
      "locked": {
        "lastModified": 1749030627,
        "narHash": "sha256-69ruIMPrhnhQF9A/xS2sPXWILkcUCqkpy3FPoHfNfgI=",
        "owner": "lihaoyun6",
        "repo": "homebrew-tap",
        "rev": "4d547170e1abcc4375addfcb47bfa45007d57bb3",
        "type": "github"
      },
      "original": {
        "owner": "lihaoyun6",
        "repo": "homebrew-tap",
        "type": "github"
      }
    },
    "neovim-nightly-overlay": {
      "inputs": {
        "flake-parts": "flake-parts",
        "neovim-src": "neovim-src",
        "nixpkgs": "nixpkgs"
      },
      "locked": {
        "lastModified": 1762301120,
        "narHash": "sha256-/BJTnu8R12gY1ukPlSLuNmRZqVj2g+ci/DGLOTmUG4g=",
        "owner": "nix-community",
        "repo": "neovim-nightly-overlay",
        "rev": "b5d560fa4ee4f2e0789215de9e089fbab9d0e44a",
        "type": "github"
      },
      "original": {
        "owner": "nix-community",
        "repo": "neovim-nightly-overlay",
        "type": "github"
      }
    },
    "neovim-src": {
      "flake": false,
      "locked": {
        "lastModified": 1762282297,
        "narHash": "sha256-oXLHH4EIrXANnJVese+WJpHY0RHY1uptX6iw8EitrQs=",
        "owner": "neovim",
        "repo": "neovim",
        "rev": "20a392fe38431259d35a1c94ad39daee77aeb402",
        "type": "github"
      },
      "original": {
        "owner": "neovim",
        "repo": "neovim",
        "type": "github"
      }
    },
    "nix-darwin": {
      "inputs": {
        "nixpkgs": [
          "nixpkgs"
        ]
      },
      "locked": {
        "lastModified": 1762304480,
        "narHash": "sha256-ikVIPB/ea/BAODk6aksgkup9k2jQdrwr4+ZRXtBgmSs=",
        "owner": "nix-darwin",
        "repo": "nix-darwin",
        "rev": "b8c7ac030211f18bd1f41eae0b815571853db7a2",
        "type": "github"
      },
      "original": {
        "owner": "nix-darwin",
        "repo": "nix-darwin",
        "type": "github"
      }
    },
    "nix-homebrew": {
      "inputs": {
        "brew-src": "brew-src"
      },
      "locked": {
        "lastModified": 1761927470,
        "narHash": "sha256-KsFDGRGD8j1R6TvJ4HkebKsh3HXLY0XazanLrhO3wqE=",
        "owner": "zhaofengli",
        "repo": "nix-homebrew",
        "rev": "3cae36b3a17b09a66435291619dce8cf2c4728ca",
        "type": "github"
      },
      "original": {
        "owner": "zhaofengli",
        "repo": "nix-homebrew",
        "type": "github"
      }
    },
    "nixpkgs": {
      "locked": {
        "lastModified": 1762156382,
        "narHash": "sha256-Yg7Ag7ov5+36jEFC1DaZh/12SEXo6OO3/8rqADRxiqs=",
        "owner": "NixOS",
        "repo": "nixpkgs",
        "rev": "7241bcbb4f099a66aafca120d37c65e8dda32717",
        "type": "github"
      },
      "original": {
        "owner": "NixOS",
        "ref": "nixpkgs-unstable",
        "repo": "nixpkgs",
        "type": "github"
      }
    },
    "nixpkgs_2": {
      "locked": {
        "lastModified": 315532800,
        "narHash": "sha256-V4RaAKo7vdHu9CQNUs6AZpW2jLQr2DuZiiIfZ++YJqI=",
        "rev": "7241bcbb4f099a66aafca120d37c65e8dda32717",
        "type": "tarball",
        "url": "https://releases.nixos.org/nixpkgs/nixpkgs-25.11pre888688.7241bcbb4f09/nixexprs.tar.xz"
      },
      "original": {
        "type": "tarball",
        "url": "https://channels.nixos.org/nixpkgs-unstable/nixexprs.tar.xz"
      }
    },
    "nixvim": {
      "inputs": {
        "flake-parts": "flake-parts_2",
        "nixpkgs": [
          "nixpkgs"
        ],
        "nuschtosSearch": "nuschtosSearch",
        "systems": "systems_2"
      },
      "locked": {
        "lastModified": 1762293638,
        "narHash": "sha256-svsYLbxNq8EZoVtNF97wCAElZ2py5Q1p7viG6lTUixA=",
        "owner": "nix-community",
        "repo": "nixvim",
        "rev": "aa3a1dfb028cd09b8061862f9dd8d859467fc7ed",
        "type": "github"
      },
      "original": {
        "owner": "nix-community",
        "repo": "nixvim",
        "type": "github"
      }
    },
    "nuschtosSearch": {
      "inputs": {
        "flake-utils": "flake-utils",
        "ixx": "ixx",
        "nixpkgs": [
          "nixvim",
          "nixpkgs"
        ]
      },
      "locked": {
        "lastModified": 1761730856,
        "narHash": "sha256-t1i5p/vSWwueZSC0Z2BImxx3BjoUDNKyC2mk24krcMY=",
        "owner": "NuschtOS",
        "repo": "search",
        "rev": "e29de6db0cb3182e9aee75a3b1fd1919d995d85b",
        "type": "github"
      },
      "original": {
        "owner": "NuschtOS",
        "repo": "search",
        "type": "github"
      }
    },
    "nvim-latex-conceal": {
      "flake": false,
      "locked": {
        "lastModified": 1741661018,
        "narHash": "sha256-inPZI+Zyyd6FZpI1iEFeX8qnUQNWDCIGc1N5ubna1pM=",
        "owner": "mathjiajia",
        "repo": "nvim-latex-conceal",
        "rev": "1718d20342ab3917b35b41cd902339fe13449eae",
        "type": "github"
      },
      "original": {
        "owner": "mathjiajia",
        "repo": "nvim-latex-conceal",
        "type": "github"
      }
    },
    "nvim-math-snippets": {
      "flake": false,
      "locked": {
        "lastModified": 1758070858,
        "narHash": "sha256-cqxQhfhN9TG2zOahURQyqH/Aco07chA/m1GT1MHMR2Q=",
        "owner": "mathjiajia",
        "repo": "nvim-math-snippets",
        "rev": "65c09cc2800312c052b1aae4460069781856c21e",
        "type": "github"
      },
      "original": {
        "owner": "mathjiajia",
        "repo": "nvim-math-snippets",
        "type": "github"
      }
    },
    "nvim-treesitter": {
      "flake": false,
      "locked": {
        "lastModified": 1762159050,
        "narHash": "sha256-VySPuAZH2XT7QFd2H81D9vZHOifsSIFFpfLWGQz/XBk=",
        "owner": "nvim-treesitter",
        "repo": "nvim-treesitter",
        "rev": "65a266bf693d3fc856dd341c25edea1a0917a30f",
        "type": "github"
      },
      "original": {
        "owner": "nvim-treesitter",
        "ref": "main",
        "repo": "nvim-treesitter",
        "type": "github"
      }
    },
    "root": {
      "inputs": {
        "aerospace": "aerospace",
        "blink-indent": "blink-indent",
        "fcitx": "fcitx",
        "home-manager": "home-manager",
        "lihaoyun6": "lihaoyun6",
        "neovim-nightly-overlay": "neovim-nightly-overlay",
        "nix-darwin": "nix-darwin",
        "nix-homebrew": "nix-homebrew",
        "nixpkgs": "nixpkgs_2",
        "nixvim": "nixvim",
        "nvim-latex-conceal": "nvim-latex-conceal",
        "nvim-math-snippets": "nvim-math-snippets",
        "nvim-treesitter": "nvim-treesitter",
        "slimline-nvim": "slimline-nvim"
      }
    },
    "slimline-nvim": {
      "flake": false,
      "locked": {
        "lastModified": 1757190429,
        "narHash": "sha256-FjpBKZmlbuNOaZ9DlQ7AKJW2XRrYM3IkfjvZ+hjt9Pc=",
        "owner": "sschleemilch",
        "repo": "slimline.nvim",
        "rev": "37d197329b0a65af820e794a007553aa7ef387b5",
        "type": "github"
      },
      "original": {
        "owner": "sschleemilch",
        "repo": "slimline.nvim",
        "type": "github"
      }
    },
    "systems": {
      "locked": {
        "lastModified": 1681028828,
        "narHash": "sha256-Vy1rq5AaRuLzOxct8nz4T6wlgyUR7zLU309k9mBC768=",
        "owner": "nix-systems",
        "repo": "default",
        "rev": "da67096a3b9bf56a91d16901293e51ba5b49a27e",
        "type": "github"
      },
      "original": {
        "owner": "nix-systems",
        "repo": "default",
        "type": "github"
      }
    },
    "systems_2": {
      "locked": {
        "lastModified": 1681028828,
        "narHash": "sha256-Vy1rq5AaRuLzOxct8nz4T6wlgyUR7zLU309k9mBC768=",
        "owner": "nix-systems",
        "repo": "default",
        "rev": "da67096a3b9bf56a91d16901293e51ba5b49a27e",
        "type": "github"
      },
      "original": {
        "owner": "nix-systems",
        "repo": "default",
        "type": "github"
      }
    }
  },
  "root": "root",
  "version": 7
}
